Microsoft Visual Studio Solution File, Format Version 12.00
# Visual Studio Version 17
VisualStudioVersion = 17.5.2.0
MinimumVisualStudioVersion = 10.0.40219.1
Project("{FAE04EC0-301F-11D3-BF4B-00C04F79EFBC}") = "MultiplayerTypingGame", "MultiplayerTypingGame.csproj", "{3CDE6FB3-23AB-DE57-ECC3-F37BB0A078C5}"
EndProject
Global
	GlobalSection(SolutionConfigurationPlatforms) = preSolution
		Debug|Any CPU = Debug|Any CPU
		Release|Any CPU = Release|Any CPU
	EndGlobalSection
	GlobalSection(ProjectConfigurationPlatforms) = postSolution
		{3CDE6FB3-23AB-DE57-ECC3-F37BB0A078C5}.Debug|Any CPU.ActiveCfg = Debug|Any CPU
		{3CDE6FB3-23AB-DE57-ECC3-F37BB0A078C5}.Debug|Any CPU.Build.0 = Debug|Any CPU
		{3CDE6FB3-23AB-DE57-ECC3-F37BB0A078C5}.Release|Any CPU.ActiveCfg = Release|Any CPU
		{3CDE6FB3-23AB-DE57-ECC3-F37BB0A078C5}.Release|Any CPU.Build.0 = Release|Any CPU
	EndGlobalSection
	GlobalSection(SolutionProperties) = preSolution
		HideSolutionNode = FALSE
	EndGlobalSection
	GlobalSection(ExtensibilityGlobals) = postSolution
		SolutionGuid = {5269EA9C-A076-4A95-A27F-C0F06379A2E9}
	EndGlobalSection
EndGlobal
